
Microsoft Visual Studio Solution File, Format Version 12.00
# Visual Studio Version 16
VisualStudioVersion = 16.0.32413.511
MinimumVisualStudioVersion = 10.0.40219.1
Project("{FAE04EC0-301F-11D3-BF4B-00C04F79EFBC}") = "WebApplication1", "WebApplication1\WebApplication1.csproj", "{B881377F-5404-4DCE-A769-F5F94E9A92EE}"
EndProject
Global
	GlobalSection(SolutionConfigurationPlatforms) = preSolution
		Debug|Any CPU = Debug|Any CPU
		Release|Any CPU = Release|Any CPU
	EndGlobalSection
	GlobalSection(ProjectConfigurationPlatforms) = postSolution
		{B881377F-5404-4DCE-A769-F5F94E9A92EE}.Debug|Any CPU.ActiveCfg = Debug|Any CPU
		{B881377F-5404-4DCE-A769-F5F94E9A92EE}.Debug|Any CPU.Build.0 = Debug|Any CPU
		{B881377F-5404-4DCE-A769-F5F94E9A92EE}.Release|Any CPU.ActiveCfg = Release|Any CPU
		{B881377F-5404-4DCE-A769-F5F94E9A92EE}.Release|Any CPU.Build.0 = Release|Any CPU
	EndGlobalSection
	GlobalSection(SolutionProperties) = preSolution
		HideSolutionNode = FALSE
	EndGlobalSection
	GlobalSection(ExtensibilityGlobals) = postSolution
		SolutionGuid = {511CB77B-0D26-4801-96C6-05BDF77F8BB7}
	EndGlobalSection
EndGlobal
