
Microsoft Visual Studio Solution File, Format Version 12.00
# Visual Studio Version 16
VisualStudioVersion = 16.0.32228.343
MinimumVisualStudioVersion = 10.0.40219.1
Project("{FAE04EC0-301F-11D3-BF4B-00C04F79EFBC}") = "Fibonacci", "Fibonacci.csproj", "{5C705AC4-9E97-434E-837D-205AD726127C}"
EndProject
Global
	GlobalSection(SolutionConfigurationPlatforms) = preSolution
		Debug|Any CPU = Debug|Any CPU
		Release|Any CPU = Release|Any CPU
	EndGlobalSection
	GlobalSection(ProjectConfigurationPlatforms) = postSolution
		{5C705AC4-9E97-434E-837D-205AD726127C}.Debug|Any CPU.ActiveCfg = Debug|Any CPU
		{5C705AC4-9E97-434E-837D-205AD726127C}.Debug|Any CPU.Build.0 = Debug|Any CPU
		{5C705AC4-9E97-434E-837D-205AD726127C}.Release|Any CPU.ActiveCfg = Release|Any CPU
		{5C705AC4-9E97-434E-837D-205AD726127C}.Release|Any CPU.Build.0 = Release|Any CPU
	EndGlobalSection
	GlobalSection(SolutionProperties) = preSolution
		HideSolutionNode = FALSE
	EndGlobalSection
	GlobalSection(ExtensibilityGlobals) = postSolution
		SolutionGuid = {76F42D3C-4112-4D65-B29D-0C120E1602E4}
	EndGlobalSection
EndGlobal
