
Microsoft Visual Studio Solution File, Format Version 12.00
# Visual Studio Version 16
VisualStudioVersion = 16.0.32106.194
MinimumVisualStudioVersion = 10.0.40219.1
Project("{FAE04EC0-301F-11D3-BF4B-00C04F79EFBC}") = "ContagemApp", "ContagemApp\ContagemApp.csproj", "{1172EB08-CA54-49AA-9405-1DD3154CC0B1}"
EndProject
Global
	GlobalSection(SolutionConfigurationPlatforms) = preSolution
		Debug|Any CPU = Debug|Any CPU
		Release|Any CPU = Release|Any CPU
	EndGlobalSection
	GlobalSection(ProjectConfigurationPlatforms) = postSolution
		{1172EB08-CA54-49AA-9405-1DD3154CC0B1}.Debug|Any CPU.ActiveCfg = Debug|Any CPU
		{1172EB08-CA54-49AA-9405-1DD3154CC0B1}.Debug|Any CPU.Build.0 = Debug|Any CPU
		{1172EB08-CA54-49AA-9405-1DD3154CC0B1}.Release|Any CPU.ActiveCfg = Release|Any CPU
		{1172EB08-CA54-49AA-9405-1DD3154CC0B1}.Release|Any CPU.Build.0 = Release|Any CPU
	EndGlobalSection
	GlobalSection(SolutionProperties) = preSolution
		HideSolutionNode = FALSE
	EndGlobalSection
	GlobalSection(ExtensibilityGlobals) = postSolution
		SolutionGuid = {24D35455-272E-444D-98A2-72AA30F2233F}
	EndGlobalSection
EndGlobal
